
Microsoft Visual Studio Solution File, Format Version 12.00
# Visual Studio Version 17
VisualStudioVersion = 17.13.35931.197 d17.13
MinimumVisualStudioVersion = 10.0.40219.1
Project("{2150E333-8FDC-42A3-9474-1A3956D46DE8}") = "src", "src", "{02EA681E-C7D8-13C7-8484-4AC65E1B71E8}"
EndProject
Project("{2150E333-8FDC-42A3-9474-1A3956D46DE8}") = "Infrastructure", "Infrastructure", "{F61A88AC-F129-4042-8677-1E99D2E5F56A}"
EndProject
Project("{2150E333-8FDC-42A3-9474-1A3956D46DE8}") = "Core", "Core", "{C7435F4A-E8AF-4250-BC95-788CD701F85C}"
EndProject
Project("{2150E333-8FDC-42A3-9474-1A3956D46DE8}") = "Api", "Api", "{71E128FB-2C77-4995-A157-A409655B0882}"
EndProject
Project("{FAE04EC0-301F-11D3-BF4B-00C04F79EFBC}") = "PMS.Persistence", "PMS.Persistence\PMS.Persistence.csproj", "{4D4F5207-FA69-489E-B2F5-01738ABE87D7}"
EndProject
Project("{FAE04EC0-301F-11D3-BF4B-00C04F79EFBC}") = "PMS.Application", "PMS.Application\PMS.Application.csproj", "{BA2FD06D-DA9D-412B-A401-6B4C37FBCB20}"
EndProject
Project("{FAE04EC0-301F-11D3-BF4B-00C04F79EFBC}") = "PMS.Domain", "PMS.Domain\PMS.Domain.csproj", "{E9BC8DEC-7FF7-40EC-B431-15C9B11C05DA}"
EndProject
Project("{FAE04EC0-301F-11D3-BF4B-00C04F79EFBC}") = "PMS.Api", "PMS.Api\PMS.Api.csproj", "{65886B8F-7434-4D18-A086-44A8176FDFC2}"
EndProject
Global
	GlobalSection(SolutionConfigurationPlatforms) = preSolution
		Debug|Any CPU = Debug|Any CPU
		Release|Any CPU = Release|Any CPU
	EndGlobalSection
	GlobalSection(ProjectConfigurationPlatforms) = postSolution
		{4D4F5207-FA69-489E-B2F5-01738ABE87D7}.Debug|Any CPU.ActiveCfg = Debug|Any CPU
		{4D4F5207-FA69-489E-B2F5-01738ABE87D7}.Debug|Any CPU.Build.0 = Debug|Any CPU
		{4D4F5207-FA69-489E-B2F5-01738ABE87D7}.Release|Any CPU.ActiveCfg = Release|Any CPU
		{4D4F5207-FA69-489E-B2F5-01738ABE87D7}.Release|Any CPU.Build.0 = Release|Any CPU
		{BA2FD06D-DA9D-412B-A401-6B4C37FBCB20}.Debug|Any CPU.ActiveCfg = Debug|Any CPU
		{BA2FD06D-DA9D-412B-A401-6B4C37FBCB20}.Debug|Any CPU.Build.0 = Debug|Any CPU
		{BA2FD06D-DA9D-412B-A401-6B4C37FBCB20}.Release|Any CPU.ActiveCfg = Release|Any CPU
		{BA2FD06D-DA9D-412B-A401-6B4C37FBCB20}.Release|Any CPU.Build.0 = Release|Any CPU
		{E9BC8DEC-7FF7-40EC-B431-15C9B11C05DA}.Debug|Any CPU.ActiveCfg = Debug|Any CPU
		{E9BC8DEC-7FF7-40EC-B431-15C9B11C05DA}.Debug|Any CPU.Build.0 = Debug|Any CPU
		{E9BC8DEC-7FF7-40EC-B431-15C9B11C05DA}.Release|Any CPU.ActiveCfg = Release|Any CPU
		{E9BC8DEC-7FF7-40EC-B431-15C9B11C05DA}.Release|Any CPU.Build.0 = Release|Any CPU
		{65886B8F-7434-4D18-A086-44A8176FDFC2}.Debug|Any CPU.ActiveCfg = Debug|Any CPU
		{65886B8F-7434-4D18-A086-44A8176FDFC2}.Debug|Any CPU.Build.0 = Debug|Any CPU
		{65886B8F-7434-4D18-A086-44A8176FDFC2}.Release|Any CPU.ActiveCfg = Release|Any CPU
		{65886B8F-7434-4D18-A086-44A8176FDFC2}.Release|Any CPU.Build.0 = Release|Any CPU
	EndGlobalSection
	GlobalSection(SolutionProperties) = preSolution
		HideSolutionNode = FALSE
	EndGlobalSection
	GlobalSection(NestedProjects) = preSolution
		{F61A88AC-F129-4042-8677-1E99D2E5F56A} = {02EA681E-C7D8-13C7-8484-4AC65E1B71E8}
		{C7435F4A-E8AF-4250-BC95-788CD701F85C} = {02EA681E-C7D8-13C7-8484-4AC65E1B71E8}
		{71E128FB-2C77-4995-A157-A409655B0882} = {02EA681E-C7D8-13C7-8484-4AC65E1B71E8}
		{4D4F5207-FA69-489E-B2F5-01738ABE87D7} = {F61A88AC-F129-4042-8677-1E99D2E5F56A}
		{BA2FD06D-DA9D-412B-A401-6B4C37FBCB20} = {C7435F4A-E8AF-4250-BC95-788CD701F85C}
		{E9BC8DEC-7FF7-40EC-B431-15C9B11C05DA} = {C7435F4A-E8AF-4250-BC95-788CD701F85C}
		{65886B8F-7434-4D18-A086-44A8176FDFC2} = {71E128FB-2C77-4995-A157-A409655B0882}
	EndGlobalSection
	GlobalSection(ExtensibilityGlobals) = postSolution
		SolutionGuid = {2B48F981-B181-43B9-920B-C26194C556FE}
	EndGlobalSection
EndGlobal
